// !$*UTF8*$!
{
	archiveVersion = 1;
	classes = {
	};
	objectVersion = 50;
	objects = {

/* Begin PBXBuildFile section */
		AC67064626963A1F00E1D84B /* AppDelegate.m in Sources */ = {isa = PBXBuildFile; fileRef = AC67064526963A1F00E1D84B /* AppDelegate.m */; };
		AC67064926963A1F00E1D84B /* SceneDelegate.m in Sources */ = {isa = PBXBuildFile; fileRef = AC67064826963A1F00E1D84B /* SceneDelegate.m */; };
		AC67064C26963A1F00E1D84B /* ViewController.m in Sources */ = {isa = PBXBuildFile; fileRef = AC67064B26963A1F00E1D84B /* ViewController.m */; };
		AC67064F26963A1F00E1D84B /* Main.storyboard in Resources */ = {isa = PBXBuildFile; fileRef = AC67064D26963A1F00E1D84B /* Main.storyboard */; };
		AC67065126963A2200E1D84B /* Assets.xcassets in Resources */ = {isa = PBXBuildFile; fileRef = AC67065026963A2200E1D84B /* Assets.xcassets */; };
		AC67065426963A2200E1D84B /* LaunchScreen.storyboard in Resources */ = {isa = PBXBuildFile; fileRef = AC67065226963A2200E1D84B /* LaunchScreen.storyboard */; };
		AC67065726963A2200E1D84B /* main.m in Sources */ = {isa = PBXBuildFile; fileRef = AC67065626963A2200E1D84B /* main.m */; };
		AC67066126963E5200E1D84B /* GenerateString.m in Sources */ = {isa = PBXBuildFile; fileRef = AC67066026963E5200E1D84B /* GenerateString.m */; };
/* End PBXBuildFile section */

/* Begin PBXFileReference section */
		AC67064126963A1F00E1D84B /* ObjC.app */ = {isa = PBXFileReference; explicitFileType = wrapper.application; includeInIndex = 0; path = ObjC.app; sourceTree = BUILT_PRODUCTS_DIR; };
		AC67064426963A1F00E1D84B /* AppDelegate.h */ = {isa = PBXFileReference; lastKnownFileType = sourcecode.c.h; path = AppDelegate.h; sourceTree = "<group>"; };
		AC67064526963A1F00E1D84B /* AppDelegate.m */ = {isa = PBXFileReference; lastKnownFileType = sourcecode.c.objc; path = AppDelegate.m; sourceTree = "<group>"; };
		AC67064726963A1F00E1D84B /* SceneDelegate.h */ = {isa = PBXFileReference; lastKnownFileType = sourcecode.c.h; path = SceneDelegate.h; sourceTree = "<group>"; };
		AC67064826963A1F00E1D84B /* SceneDelegate.m */ = {isa = PBXFileReference; lastKnownFileType = sourcecode.c.objc; path = SceneDelegate.m; sourceTree = "<group>"; };
		AC67064A26963A1F00E1D84B /* ViewController.h */ = {isa = PBXFileReference; lastKnownFileType = sourcecode.c.h; path = ViewController.h; sourceTree = "<group>"; };
		AC67064B26963A1F00E1D84B /* ViewController.m */ = {isa = PBXFileReference; lastKnownFileType = sourcecode.c.objc; path = ViewController.m; sourceTree = "<group>"; };
		AC67064E26963A1F00E1D84B /* Base */ = {isa = PBXFileReference; lastKnownFileType = file.storyboard; name = Base; path = Base.lproj/Main.storyboard; sourceTree = "<group>"; };
		AC67065026963A2200E1D84B /* Assets.xcassets */ = {isa = PBXFileReference; lastKnownFileType = folder.assetcatalog; path = Assets.xcassets; sourceTree = "<group>"; };
		AC67065326963A2200E1D84B /* Base */ = {isa = PBXFileReference; lastKnownFileType = file.storyboard; name = Base; path = Base.lproj/LaunchScreen.storyboard; sourceTree = "<group>"; };
		AC67065526963A2200E1D84B /* Info.plist */ = {isa = PBXFileReference; lastKnownFileType = text.plist.xml; path = Info.plist; sourceTree = "<group>"; };
		AC67065626963A2200E1D84B /* main.m */ = {isa = PBXFileReference; lastKnownFileType = sourcecode.c.objc; path = main.m; sourceTree = "<group>"; };
		AC67065E26963D7300E1D84B /* MyStringDelegate.h */ = {isa = PBXFileReference; lastKnownFileType = sourcecode.c.h; path = MyStringDelegate.h; sourceTree = "<group>"; };
		AC67065F26963D9500E1D84B /* GenerateString.h */ = {isa = PBXFileReference; lastKnownFileType = sourcecode.c.h; path = GenerateString.h; sourceTree = "<group>"; };
		AC67066026963E5200E1D84B /* GenerateString.m */ = {isa = PBXFileReference; lastKnownFileType = sourcecode.c.objc; path = GenerateString.m; sourceTree = "<group>"; };
/* End PBXFileReference section */

/* Begin PBXFrameworksBuildPhase section */
		AC67063E26963A1F00E1D84B /* Frameworks */ = {
			isa = PBXFrameworksBuildPhase;
			buildActionMask = 2147483647;
			files = (
			);
			runOnlyForDeploymentPostprocessing = 0;
		};
/* End PBXFrameworksBuildPhase section */

/* Begin PBXGroup section */
		AC67063826963A1F00E1D84B = {
			isa = PBXGroup;
			children = (
				AC67064326963A1F00E1D84B /* ObjC */,
				AC67064226963A1F00E1D84B /* Products */,
			);
			sourceTree = "<group>";
		};
		AC67064226963A1F00E1D84B /* Products */ = {
			isa = PBXGroup;
			children = (
				AC67064126963A1F00E1D84B /* ObjC.app */,
			);
			name = Products;
			sourceTree = "<group>";
		};
		AC67064326963A1F00E1D84B /* ObjC */ = {
			isa = PBXGroup;
			children = (
				AC67064426963A1F00E1D84B /* AppDelegate.h */,
				AC67064526963A1F00E1D84B /* AppDelegate.m */,
				AC67064726963A1F00E1D84B /* SceneDelegate.h */,
				AC67064826963A1F00E1D84B /* SceneDelegate.m */,
				AC67064A26963A1F00E1D84B /* ViewController.h */,
				AC67064B26963A1F00E1D84B /* ViewController.m */,
				AC67065E26963D7300E1D84B /* MyStringDelegate.h */,
				AC67065F26963D9500E1D84B /* GenerateString.h */,
				AC67066026963E5200E1D84B /* GenerateString.m */,
				AC67064D26963A1F00E1D84B /* Main.storyboard */,
				AC67065026963A2200E1D84B /* Assets.xcassets */,
				AC67065226963A2200E1D84B /* LaunchScreen.storyboard */,
				AC67065526963A2200E1D84B /* Info.plist */,
				AC67065626963A2200E1D84B /* main.m */,
			);
			path = ObjC;
			sourceTree = "<group>";
		};
/* End PBXGroup section */

/* Begin PBXNativeTarget section */
		AC67064026963A1F00E1D84B /* ObjC */ = {
			isa = PBXNativeTarget;
			buildConfigurationList = AC67065A26963A2200E1D84B /* Build configuration list for PBXNativeTarget "ObjC" */;
			buildPhases = (
				AC67063D26963A1F00E1D84B /* Sources */,
				AC67063E26963A1F00E1D84B /* Frameworks */,
				AC67063F26963A1F00E1D84B /* Resources */,
			);
			buildRules = (
			);
			dependencies = (
			);
			name = ObjC;
			productName = ObjC;
			productReference = AC67064126963A1F00E1D84B /* ObjC.app */;
			productType = "com.apple.product-type.application";
		};
/* End PBXNativeTarget section */

/* Begin PBXProject section */
		AC67063926963A1F00E1D84B /* Project object */ = {
			isa = PBXProject;
			attributes = {
				LastUpgradeCheck = 1250;
				TargetAttributes = {
					AC67064026963A1F00E1D84B = {
						CreatedOnToolsVersion = 12.5.1;
					};
				};
			};
			buildConfigurationList = AC67063C26963A1F00E1D84B /* Build configuration list for PBXProject "ObjC" */;
			compatibilityVersion = "Xcode 9.3";
			developmentRegion = en;
			hasScannedForEncodings = 0;
			knownRegions = (
				en,
				Base,
			);
			mainGroup = AC67063826963A1F00E1D84B;
			productRefGroup = AC67064226963A1F00E1D84B /* Products */;
			projectDirPath = "";
			projectRoot = "";
			targets = (
				AC67064026963A1F00E1D84B /* ObjC */,
			);
		};
/* End PBXProject section */

/* Begin PBXResourcesBuildPhase section */
		AC67063F26963A1F00E1D84B /* Resources */ = {
			isa = PBXResourcesBuildPhase;
			buildActionMask = 2147483647;
			files = (
				AC67065426963A2200E1D84B /* LaunchScreen.storyboard in Resources */,
				AC67065126963A2200E1D84B /* Assets.xcassets in Resources */,
				AC67064F26963A1F00E1D84B /* Main.storyboard in Resources */,
			);
			runOnlyForDeploymentPostprocessing = 0;
		};
/* End PBXResourcesBuildPhase section */

/* Begin PBXSourcesBuildPhase section */
		AC67063D26963A1F00E1D84B /* Sources */ = {
			isa = PBXSourcesBuildPhase;
			buildActionMask = 2147483647;
			files = (
				AC67064C26963A1F00E1D84B /* ViewController.m in Sources */,
				AC67064626963A1F00E1D84B /* AppDelegate.m in Sources */,
				AC67065726963A2200E1D84B /* main.m in Sources */,
				AC67064926963A1F00E1D84B /* SceneDelegate.m in Sources */,
				AC67066126963E5200E1D84B /* GenerateString.m in Sources */,
			);
			runOnlyForDeploymentPostprocessing = 0;
		};
/* End PBXSourcesBuildPhase section */

/* Begin PBXVariantGroup section */
		AC67064D26963A1F00E1D84B /* Main.storyboard */ = {
			isa = PBXVariantGroup;
			children = (
				AC67064E26963A1F00E1D84B /* Base */,
			);
			name = Main.storyboard;
			sourceTree = "<group>";
		};
		AC67065226963A2200E1D84B /* LaunchScreen.storyboard */ = {
			isa = PBXVariantGroup;
			children = (
				AC67065326963A2200E1D84B /* Base */,
			);
			name = LaunchScreen.storyboard;
			sourceTree = "<group>";
		};
/* End PBXVariantGroup section */

/* Begin XCBuildConfiguration section */
		AC67065826963A2200E1D84B /* Debug */ = {
			isa = XCBuildConfiguration;
			buildSettings = {
				ALWAYS_SEARCH_USER_PATHS = NO;
				CLANG_ANALYZER_NONNULL = YES;
				CLANG_ANALYZER_NUMBER_OBJECT_CONVERSION = YES_AGGRESSIVE;
				CLANG_CXX_LANGUAGE_STANDARD = "gnu++14";
				CLANG_CXX_LIBRARY = "libc++";
				CLANG_ENABLE_MODULES = YES;
				CLANG_ENABLE_OBJC_ARC = YES;
				CLANG_ENABLE_OBJC_WEAK = YES;
				CLANG_WARN_BLOCK_CAPTURE_AUTORELEASING = YES;
				CLANG_WARN_BOOL_CONVERSION = YES;
				CLANG_WARN_COMMA = YES;
				CLANG_WARN_CONSTANT_CONVERSION = YES;
				CLANG_WARN_DEPRECATED_OBJC_IMPLEMENTATIONS = YES;
				CLANG_WARN_DIRECT_OBJC_ISA_USAGE = YES_ERROR;
				CLANG_WARN_DOCUMENTATION_COMMENTS = YES;
				CLANG_WARN_EMPTY_BODY = YES;
				CLANG_WARN_ENUM_CONVERSION = YES;
				CLANG_WARN_INFINITE_RECURSION = YES;
				CLANG_WARN_INT_CONVERSION = YES;
				CLANG_WARN_NON_LITERAL_NULL_CONVERSION = YES;
				CLANG_WARN_OBJC_IMPLICIT_RETAIN_SELF = YES;
				CLANG_WARN_OBJC_LITERAL_CONVERSION = YES;
				CLANG_WARN_OBJC_ROOT_CLASS = YES_ERROR;
				CLANG_WARN_QUOTED_INCLUDE_IN_FRAMEWORK_HEADER = YES;
				CLANG_WARN_RANGE_LOOP_ANALYSIS = YES;
				CLANG_WARN_STRICT_PROTOTYPES = YES;
				CLANG_WARN_SUSPICIOUS_MOVE = YES;
				CLANG_WARN_UNGUARDED_AVAILABILITY = YES_AGGRESSIVE;
				CLANG_WARN_UNREACHABLE_CODE = YES;
				CLANG_WARN__DUPLICATE_METHOD_MATCH = YES;
				COPY_PHASE_STRIP = NO;
				DEBUG_INFORMATION_FORMAT = dwarf;
				ENABLE_STRICT_OBJC_MSGSEND = YES;
				ENABLE_TESTABILITY = YES;
				GCC_C_LANGUAGE_STANDARD = gnu11;
				GCC_DYNAMIC_NO_PIC = NO;
				GCC_NO_COMMON_BLOCKS = YES;
				GCC_OPTIMIZATION_LEVEL = 0;
				GCC_PREPROCESSOR_DEFINITIONS = (
					"DEBUG=1",
					"$(inherited)",
				);
				GCC_WARN_64_TO_32_BIT_CONVERSION = YES;
				GCC_WARN_ABOUT_RETURN_TYPE = YES_ERROR;
				GCC_WARN_UNDECLARED_SELECTOR = YES;
				GCC_WARN_UNINITIALIZED_AUTOS = YES_AGGRESSIVE;
				GCC_WARN_UNUSED_FUNCTION = YES;
				GCC_WARN_UNUSED_VARIABLE = YES;
				IPHONEOS_DEPLOYMENT_TARGET = 14.5;
				MTL_ENABLE_DEBUG_INFO = INCLUDE_SOURCE;
				MTL_FAST_MATH = YES;
				ONLY_ACTIVE_ARCH = YES;
				SDKROOT = iphoneos;
			};
			name = Debug;
		};
		AC67065926963A2200E1D84B /* Release */ = {
			isa = XCBuildConfiguration;
			buildSettings = {
				ALWAYS_SEARCH_USER_PATHS = NO;
				CLANG_ANALYZER_NONNULL = YES;
				CLANG_ANALYZER_NUMBER_OBJECT_CONVERSION = YES_AGGRESSIVE;
				CLANG_CXX_LANGUAGE_STANDARD = "gnu++14";
				CLANG_CXX_LIBRARY = "libc++";
				CLANG_ENABLE_MODULES = YES;
				CLANG_ENABLE_OBJC_ARC = YES;
				CLANG_ENABLE_OBJC_WEAK = YES;
				CLANG_WARN_BLOCK_CAPTURE_AUTORELEASING = YES;
				CLANG_WARN_BOOL_CONVERSION = YES;
				CLANG_WARN_COMMA = YES;
				CLANG_WARN_CONSTANT_CONVERSION = YES;
				CLANG_WARN_DEPRECATED_OBJC_IMPLEMENTATIONS = YES;
				CLANG_WARN_DIRECT_OBJC_ISA_USAGE = YES_ERROR;
				CLANG_WARN_DOCUMENTATION_COMMENTS = YES;
				CLANG_WARN_EMPTY_BODY = YES;
				CLANG_WARN_ENUM_CONVERSION = YES;
				CLANG_WARN_INFINITE_RECURSION = YES;
				CLANG_WARN_INT_CONVERSION = YES;
				CLANG_WARN_NON_LITERAL_NULL_CONVERSION = YES;
				CLANG_WARN_OBJC_IMPLICIT_RETAIN_SELF = YES;
				CLANG_WARN_OBJC_LITERAL_CONVERSION = YES;
				CLANG_WARN_OBJC_ROOT_CLASS = YES_ERROR;
				CLANG_WARN_QUOTED_INCLUDE_IN_FRAMEWORK_HEADER = YES;
				CLANG_WARN_RANGE_LOOP_ANALYSIS = YES;
				CLANG_WARN_STRICT_PROTOTYPES = YES;
				CLANG_WARN_SUSPICIOUS_MOVE = YES;
				CLANG_WARN_UNGUARDED_AVAILABILITY = YES_AGGRESSIVE;
				CLANG_WARN_UNREACHABLE_CODE = YES;
				CLANG_WARN__DUPLICATE_METHOD_MATCH = YES;
				COPY_PHASE_STRIP = NO;
				DEBUG_INFORMATION_FORMAT = "dwarf-with-dsym";
				ENABLE_NS_ASSERTIONS = NO;
				ENABLE_STRICT_OBJC_MSGSEND = YES;
				GCC_C_LANGUAGE_STANDARD = gnu11;
				GCC_NO_COMMON_BLOCKS = YES;
				GCC_WARN_64_TO_32_BIT_CONVERSION = YES;
				GCC_WARN_ABOUT_RETURN_TYPE = YES_ERROR;
				GCC_WARN_UNDECLARED_SELECTOR = YES;
				GCC_WARN_UNINITIALIZED_AUTOS = YES_AGGRESSIVE;
				GCC_WARN_UNUSED_FUNCTION = YES;
				GCC_WARN_UNUSED_VARIABLE = YES;
				IPHONEOS_DEPLOYMENT_TARGET = 14.5;
				MTL_ENABLE_DEBUG_INFO = NO;
				MTL_FAST_MATH = YES;
				SDKROOT = iphoneos;
				VALIDATE_PRODUCT = YES;
			};
			name = Release;
		};
		AC67065B26963A2200E1D84B /* Debug */ = {
			isa = XCBuildConfiguration;
			buildSettings = {
				ASSETCATALOG_COMPILER_APPICON_NAME = AppIcon;
				ASSETCATALOG_COMPILER_GLOBAL_ACCENT_COLOR_NAME = AccentColor;
				CODE_SIGN_STYLE = Automatic;
				DEVELOPMENT_TEAM = 8QZUG6B45Y;
				INFOPLIST_FILE = ObjC/Info.plist;
				LD_RUNPATH_SEARCH_PATHS = (
					"$(inherited)",
					"@executable_path/Frameworks",
				);
				PRODUCT_BUNDLE_IDENTIFIER = PAD.ObjC;
				PRODUCT_NAME = "$(TARGET_NAME)";
				TARGETED_DEVICE_FAMILY = "1,2";
			};
			name = Debug;
		};
		AC67065C26963A2200E1D84B /* Release */ = {
			isa = XCBuildConfiguration;
			buildSettings = {
				ASSETCATALOG_COMPILER_APPICON_NAME = AppIcon;
				ASSETCATALOG_COMPILER_GLOBAL_ACCENT_COLOR_NAME = AccentColor;
				CODE_SIGN_STYLE = Automatic;
				DEVELOPMENT_TEAM = 8QZUG6B45Y;
				INFOPLIST_FILE = ObjC/Info.plist;
				LD_RUNPATH_SEARCH_PATHS = (
					"$(inherited)",
					"@executable_path/Frameworks",
				);
				PRODUCT_BUNDLE_IDENTIFIER = PAD.ObjC;
				PRODUCT_NAME = "$(TARGET_NAME)";
				TARGETED_DEVICE_FAMILY = "1,2";
			};
			name = Release;
		};
/* End XCBuildConfiguration section */

/* Begin XCConfigurationList section */
		AC67063C26963A1F00E1D84B /* Build configuration list for PBXProject "ObjC" */ = {
			isa = XCConfigurationList;
			buildConfigurations = (
				AC67065826963A2200E1D84B /* Debug */,
				AC67065926963A2200E1D84B /* Release */,
			);
			defaultConfigurationIsVisible = 0;
			defaultConfigurationName = Release;
		};
		AC67065A26963A2200E1D84B /* Build configuration list for PBXNativeTarget "ObjC" */ = {
			isa = XCConfigurationList;
			buildConfigurations = (
				AC67065B26963A2200E1D84B /* Debug */,
				AC67065C26963A2200E1D84B /* Release */,
			);
			defaultConfigurationIsVisible = 0;
			defaultConfigurationName = Release;
		};
/* End XCConfigurationList section */
	};
	rootObject = AC67063926963A1F00E1D84B /* Project object */;
}
